
Microsoft Visual Studio Solution File, Format Version 12.00
# Visual Studio Version 17
VisualStudioVersion = 17.3.32901.215
MinimumVisualStudioVersion = 10.0.40219.1
Project("{6EC3EE1D-3C4E-46DD-8F32-0CC8E7565705}") = "StudiumPdf", "StudiumPdf\StudiumPdf.fsproj", "{126EAF58-EBB6-40AD-977E-3194F02730E3}"
EndProject
Global
	GlobalSection(SolutionConfigurationPlatforms) = preSolution
		Debug|Any CPU = Debug|Any CPU
		Release|Any CPU = Release|Any CPU
	EndGlobalSection
	GlobalSection(ProjectConfigurationPlatforms) = postSolution
		{126EAF58-EBB6-40AD-977E-3194F02730E3}.Debug|Any CPU.ActiveCfg = Debug|Any CPU
		{126EAF58-EBB6-40AD-977E-3194F02730E3}.Debug|Any CPU.Build.0 = Debug|Any CPU
		{126EAF58-EBB6-40AD-977E-3194F02730E3}.Release|Any CPU.ActiveCfg = Release|Any CPU
		{126EAF58-EBB6-40AD-977E-3194F02730E3}.Release|Any CPU.Build.0 = Release|Any CPU
	EndGlobalSection
	GlobalSection(SolutionProperties) = preSolution
		HideSolutionNode = FALSE
	EndGlobalSection
	GlobalSection(ExtensibilityGlobals) = postSolution
		SolutionGuid = {6FE65B3B-764D-4E90-AC89-A3AC1EF01A86}
	EndGlobalSection
EndGlobal
